<Solution>
  <Folder Name="/src/">
    <Project Path="src/CameraVision.DetectionWorker/CameraVision.DetectionWorker.csproj" />
    <Project Path="src/CameraVision.Core/CameraVision.Core.csproj" />
    <Project Path="src/CameraVision.Infrastructure/CameraVision.Infrastructure.csproj" />
    <Project Path="src/CameraVision.Api/CameraVision.Api.csproj" />
    <Project Path="src/CameraVision.Web/CameraVision.Web.csproj" />
  </Folder>
</Solution>
